// !$*UTF8*$!
{
	archiveVersion = 1;
	classes = {
	};
	objectVersion = 48;
	objects = {

/* Begin PBXBuildFile section */
		025934CB20275B9E000118AC /* AppDelegate.swift in Sources */ = {isa = PBXBuildFile; fileRef = 025934CA20275B9E000118AC /* AppDelegate.swift */; };
		025934CD20275B9E000118AC /* ViewController.swift in Sources */ = {isa = PBXBuildFile; fileRef = 025934CC20275B9E000118AC /* ViewController.swift */; };
		025934D020275B9E000118AC /* Main.storyboard in Resources */ = {isa = PBXBuildFile; fileRef = 025934CE20275B9E000118AC /* Main.storyboard */; };
		025934D220275B9E000118AC /* Assets.xcassets in Resources */ = {isa = PBXBuildFile; fileRef = 025934D120275B9E000118AC /* Assets.xcassets */; };
		025934D520275B9E000118AC /* LaunchScreen.storyboard in Resources */ = {isa = PBXBuildFile; fileRef = 025934D320275B9E000118AC /* LaunchScreen.storyboard */; };
		025934DD20275D6E000118AC /* LogoDownloader.swift in Sources */ = {isa = PBXBuildFile; fileRef = 025934DC20275D6E000118AC /* LogoDownloader.swift */; };
		025934DF20276742000118AC /* LogoDownloaderDelegate.swift in Sources */ = {isa = PBXBuildFile; fileRef = 025934DE20276742000118AC /* LogoDownloaderDelegate.swift */; };
/* End PBXBuildFile section */

/* Begin PBXFileReference section */
		025934C720275B9E000118AC /* Delegation-In-Swift.app */ = {isa = PBXFileReference; explicitFileType = wrapper.application; includeInIndex = 0; path = "Delegation-In-Swift.app"; sourceTree = BUILT_PRODUCTS_DIR; };
		025934CA20275B9E000118AC /* AppDelegate.swift */ = {isa = PBXFileReference; lastKnownFileType = sourcecode.swift; path = AppDelegate.swift; sourceTree = "<group>"; };
		025934CC20275B9E000118AC /* ViewController.swift */ = {isa = PBXFileReference; lastKnownFileType = sourcecode.swift; path = ViewController.swift; sourceTree = "<group>"; };
		025934CF20275B9E000118AC /* Base */ = {isa = PBXFileReference; lastKnownFileType = file.storyboard; name = Base; path = Base.lproj/Main.storyboard; sourceTree = "<group>"; };
		025934D120275B9E000118AC /* Assets.xcassets */ = {isa = PBXFileReference; lastKnownFileType = folder.assetcatalog; path = Assets.xcassets; sourceTree = "<group>"; };
		025934D420275B9E000118AC /* Base */ = {isa = PBXFileReference; lastKnownFileType = file.storyboard; name = Base; path = Base.lproj/LaunchScreen.storyboard; sourceTree = "<group>"; };
		025934D620275B9F000118AC /* Info.plist */ = {isa = PBXFileReference; lastKnownFileType = text.plist.xml; path = Info.plist; sourceTree = "<group>"; };
		025934DC20275D6E000118AC /* LogoDownloader.swift */ = {isa = PBXFileReference; lastKnownFileType = sourcecode.swift; path = LogoDownloader.swift; sourceTree = "<group>"; };
		025934DE20276742000118AC /* LogoDownloaderDelegate.swift */ = {isa = PBXFileReference; lastKnownFileType = sourcecode.swift; path = LogoDownloaderDelegate.swift; sourceTree = "<group>"; };
/* End PBXFileReference section */

/* Begin PBXFrameworksBuildPhase section */
		025934C420275B9E000118AC /* Frameworks */ = {
			isa = PBXFrameworksBuildPhase;
			buildActionMask = 2147483647;
			files = (
			);
			runOnlyForDeploymentPostprocessing = 0;
		};
/* End PBXFrameworksBuildPhase section */

/* Begin PBXGroup section */
		025934BE20275B9E000118AC = {
			isa = PBXGroup;
			children = (
				025934C920275B9E000118AC /* Delegation-In-Swift */,
				025934C820275B9E000118AC /* Products */,
			);
			sourceTree = "<group>";
		};
		025934C820275B9E000118AC /* Products */ = {
			isa = PBXGroup;
			children = (
				025934C720275B9E000118AC /* Delegation-In-Swift.app */,
			);
			name = Products;
			sourceTree = "<group>";
		};
		025934C920275B9E000118AC /* Delegation-In-Swift */ = {
			isa = PBXGroup;
			children = (
				025934CA20275B9E000118AC /* AppDelegate.swift */,
				025934CC20275B9E000118AC /* ViewController.swift */,
				025934DC20275D6E000118AC /* LogoDownloader.swift */,
				025934DE20276742000118AC /* LogoDownloaderDelegate.swift */,
				025934CE20275B9E000118AC /* Main.storyboard */,
				025934D120275B9E000118AC /* Assets.xcassets */,
				025934D320275B9E000118AC /* LaunchScreen.storyboard */,
				025934D620275B9F000118AC /* Info.plist */,
			);
			path = "Delegation-In-Swift";
			sourceTree = "<group>";
		};
/* End PBXGroup section */

/* Begin PBXNativeTarget section */
		025934C620275B9E000118AC /* Delegation-In-Swift */ = {
			isa = PBXNativeTarget;
			buildConfigurationList = 025934D920275B9F000118AC /* Build configuration list for PBXNativeTarget "Delegation-In-Swift" */;
			buildPhases = (
				025934C320275B9E000118AC /* Sources */,
				025934C420275B9E000118AC /* Frameworks */,
				025934C520275B9E000118AC /* Resources */,
			);
			buildRules = (
			);
			dependencies = (
			);
			name = "Delegation-In-Swift";
			productName = "Delegation-In-Swift";
			productReference = 025934C720275B9E000118AC /* Delegation-In-Swift.app */;
			productType = "com.apple.product-type.application";
		};
/* End PBXNativeTarget section */

/* Begin PBXProject section */
		025934BF20275B9E000118AC /* Project object */ = {
			isa = PBXProject;
			attributes = {
				LastSwiftUpdateCheck = 0900;
				LastUpgradeCheck = 0900;
				ORGANIZATIONNAME = "Software Testing";
				TargetAttributes = {
					025934C620275B9E000118AC = {
						CreatedOnToolsVersion = 9.0;
						ProvisioningStyle = Automatic;
					};
				};
			};
			buildConfigurationList = 025934C220275B9E000118AC /* Build configuration list for PBXProject "Delegation-In-Swift" */;
			compatibilityVersion = "Xcode 8.0";
			developmentRegion = en;
			hasScannedForEncodings = 0;
			knownRegions = (
				en,
				Base,
			);
			mainGroup = 025934BE20275B9E000118AC;
			productRefGroup = 025934C820275B9E000118AC /* Products */;
			projectDirPath = "";
			projectRoot = "";
			targets = (
				025934C620275B9E000118AC /* Delegation-In-Swift */,
			);
		};
/* End PBXProject section */

/* Begin PBXResourcesBuildPhase section */
		025934C520275B9E000118AC /* Resources */ = {
			isa = PBXResourcesBuildPhase;
			buildActionMask = 2147483647;
			files = (
				025934D520275B9E000118AC /* LaunchScreen.storyboard in Resources */,
				025934D220275B9E000118AC /* Assets.xcassets in Resources */,
				025934D020275B9E000118AC /* Main.storyboard in Resources */,
			);
			runOnlyForDeploymentPostprocessing = 0;
		};
/* End PBXResourcesBuildPhase section */

/* Begin PBXSourcesBuildPhase section */
		025934C320275B9E000118AC /* Sources */ = {
			isa = PBXSourcesBuildPhase;
			buildActionMask = 2147483647;
			files = (
				025934CD20275B9E000118AC /* ViewController.swift in Sources */,
				025934CB20275B9E000118AC /* AppDelegate.swift in Sources */,
				025934DF20276742000118AC /* LogoDownloaderDelegate.swift in Sources */,
				025934DD20275D6E000118AC /* LogoDownloader.swift in Sources */,
			);
			runOnlyForDeploymentPostprocessing = 0;
		};
/* End PBXSourcesBuildPhase section */

/* Begin PBXVariantGroup section */
		025934CE20275B9E000118AC /* Main.storyboard */ = {
			isa = PBXVariantGroup;
			children = (
				025934CF20275B9E000118AC /* Base */,
			);
			name = Main.storyboard;
			sourceTree = "<group>";
		};
		025934D320275B9E000118AC /* LaunchScreen.storyboard */ = {
			isa = PBXVariantGroup;
			children = (
				025934D420275B9E000118AC /* Base */,
			);
			name = LaunchScreen.storyboard;
			sourceTree = "<group>";
		};
/* End PBXVariantGroup section */

/* Begin XCBuildConfiguration section */
		025934D720275B9F000118AC /* Debug */ = {
			isa = XCBuildConfiguration;
			buildSettings = {
				ALWAYS_SEARCH_USER_PATHS = NO;
				CLANG_ANALYZER_NONNULL = YES;
				CLANG_ANALYZER_NUMBER_OBJECT_CONVERSION = YES_AGGRESSIVE;
				CLANG_CXX_LANGUAGE_STANDARD = "gnu++14";
				CLANG_CXX_LIBRARY = "libc++";
				CLANG_ENABLE_MODULES = YES;
				CLANG_ENABLE_OBJC_ARC = YES;
				CLANG_WARN_BLOCK_CAPTURE_AUTORELEASING = YES;
				CLANG_WARN_BOOL_CONVERSION = YES;
				CLANG_WARN_COMMA = YES;
				CLANG_WARN_CONSTANT_CONVERSION = YES;
				CLANG_WARN_DIRECT_OBJC_ISA_USAGE = YES_ERROR;
				CLANG_WARN_DOCUMENTATION_COMMENTS = YES;
				CLANG_WARN_EMPTY_BODY = YES;
				CLANG_WARN_ENUM_CONVERSION = YES;
				CLANG_WARN_INFINITE_RECURSION = YES;
				CLANG_WARN_INT_CONVERSION = YES;
				CLANG_WARN_NON_LITERAL_NULL_CONVERSION = YES;
				CLANG_WARN_OBJC_LITERAL_CONVERSION = YES;
				CLANG_WARN_OBJC_ROOT_CLASS = YES_ERROR;
				CLANG_WARN_RANGE_LOOP_ANALYSIS = YES;
				CLANG_WARN_STRICT_PROTOTYPES = YES;
				CLANG_WARN_SUSPICIOUS_MOVE = YES;
				CLANG_WARN_UNGUARDED_AVAILABILITY = YES_AGGRESSIVE;
				CLANG_WARN_UNREACHABLE_CODE = YES;
				CLANG_WARN__DUPLICATE_METHOD_MATCH = YES;
				CODE_SIGN_IDENTITY = "iPhone Developer";
				COPY_PHASE_STRIP = NO;
				DEBUG_INFORMATION_FORMAT = dwarf;
				ENABLE_STRICT_OBJC_MSGSEND = YES;
				ENABLE_TESTABILITY = YES;
				GCC_C_LANGUAGE_STANDARD = gnu11;
				GCC_DYNAMIC_NO_PIC = NO;
				GCC_NO_COMMON_BLOCKS = YES;
				GCC_OPTIMIZATION_LEVEL = 0;
				GCC_PREPROCESSOR_DEFINITIONS = (
					"DEBUG=1",
					"$(inherited)",
				);
				GCC_WARN_64_TO_32_BIT_CONVERSION = YES;
				GCC_WARN_ABOUT_RETURN_TYPE = YES_ERROR;
				GCC_WARN_UNDECLARED_SELECTOR = YES;
				GCC_WARN_UNINITIALIZED_AUTOS = YES_AGGRESSIVE;
				GCC_WARN_UNUSED_FUNCTION = YES;
				GCC_WARN_UNUSED_VARIABLE = YES;
				IPHONEOS_DEPLOYMENT_TARGET = 11.0;
				MTL_ENABLE_DEBUG_INFO = YES;
				ONLY_ACTIVE_ARCH = YES;
				SDKROOT = iphoneos;
				SWIFT_ACTIVE_COMPILATION_CONDITIONS = DEBUG;
				SWIFT_OPTIMIZATION_LEVEL = "-Onone";
			};
			name = Debug;
		};
		025934D820275B9F000118AC /* Release */ = {
			isa = XCBuildConfiguration;
			buildSettings = {
				ALWAYS_SEARCH_USER_PATHS = NO;
				CLANG_ANALYZER_NONNULL = YES;
				CLANG_ANALYZER_NUMBER_OBJECT_CONVERSION = YES_AGGRESSIVE;
				CLANG_CXX_LANGUAGE_STANDARD = "gnu++14";
				CLANG_CXX_LIBRARY = "libc++";
				CLANG_ENABLE_MODULES = YES;
				CLANG_ENABLE_OBJC_ARC = YES;
				CLANG_WARN_BLOCK_CAPTURE_AUTORELEASING = YES;
				CLANG_WARN_BOOL_CONVERSION = YES;
				CLANG_WARN_COMMA = YES;
				CLANG_WARN_CONSTANT_CONVERSION = YES;
				CLANG_WARN_DIRECT_OBJC_ISA_USAGE = YES_ERROR;
				CLANG_WARN_DOCUMENTATION_COMMENTS = YES;
				CLANG_WARN_EMPTY_BODY = YES;
				CLANG_WARN_ENUM_CONVERSION = YES;
				CLANG_WARN_INFINITE_RECURSION = YES;
				CLANG_WARN_INT_CONVERSION = YES;
				CLANG_WARN_NON_LITERAL_NULL_CONVERSION = YES;
				CLANG_WARN_OBJC_LITERAL_CONVERSION = YES;
				CLANG_WARN_OBJC_ROOT_CLASS = YES_ERROR;
				CLANG_WARN_RANGE_LOOP_ANALYSIS = YES;
				CLANG_WARN_STRICT_PROTOTYPES = YES;
				CLANG_WARN_SUSPICIOUS_MOVE = YES;
				CLANG_WARN_UNGUARDED_AVAILABILITY = YES_AGGRESSIVE;
				CLANG_WARN_UNREACHABLE_CODE = YES;
				CLANG_WARN__DUPLICATE_METHOD_MATCH = YES;
				CODE_SIGN_IDENTITY = "iPhone Developer";
				COPY_PHASE_STRIP = NO;
				DEBUG_INFORMATION_FORMAT = "dwarf-with-dsym";
				ENABLE_NS_ASSERTIONS = NO;
				ENABLE_STRICT_OBJC_MSGSEND = YES;
				GCC_C_LANGUAGE_STANDARD = gnu11;
				GCC_NO_COMMON_BLOCKS = YES;
				GCC_WARN_64_TO_32_BIT_CONVERSION = YES;
				GCC_WARN_ABOUT_RETURN_TYPE = YES_ERROR;
				GCC_WARN_UNDECLARED_SELECTOR = YES;
				GCC_WARN_UNINITIALIZED_AUTOS = YES_AGGRESSIVE;
				GCC_WARN_UNUSED_FUNCTION = YES;
				GCC_WARN_UNUSED_VARIABLE = YES;
				IPHONEOS_DEPLOYMENT_TARGET = 11.0;
				MTL_ENABLE_DEBUG_INFO = NO;
				SDKROOT = iphoneos;
				SWIFT_OPTIMIZATION_LEVEL = "-Owholemodule";
				VALIDATE_PRODUCT = YES;
			};
			name = Release;
		};
		025934DA20275B9F000118AC /* Debug */ = {
			isa = XCBuildConfiguration;
			buildSettings = {
				ASSETCATALOG_COMPILER_APPICON_NAME = AppIcon;
				CODE_SIGN_STYLE = Automatic;
				DEVELOPMENT_TEAM = DEZ9GH9THT;
				INFOPLIST_FILE = "Delegation-In-Swift/Info.plist";
				LD_RUNPATH_SEARCH_PATHS = "$(inherited) @executable_path/Frameworks";
				PRODUCT_BUNDLE_IDENTIFIER = "com.yourRealDomainName.Delegation-In-Swift";
				PRODUCT_NAME = "$(TARGET_NAME)";
				SWIFT_VERSION = 4.0;
				TARGETED_DEVICE_FAMILY = "1,2";
			};
			name = Debug;
		};
		025934DB20275B9F000118AC /* Release */ = {
			isa = XCBuildConfiguration;
			buildSettings = {
				ASSETCATALOG_COMPILER_APPICON_NAME = AppIcon;
				CODE_SIGN_STYLE = Automatic;
				DEVELOPMENT_TEAM = DEZ9GH9THT;
				INFOPLIST_FILE = "Delegation-In-Swift/Info.plist";
				LD_RUNPATH_SEARCH_PATHS = "$(inherited) @executable_path/Frameworks";
				PRODUCT_BUNDLE_IDENTIFIER = "com.yourRealDomainName.Delegation-In-Swift";
				PRODUCT_NAME = "$(TARGET_NAME)";
				SWIFT_VERSION = 4.0;
				TARGETED_DEVICE_FAMILY = "1,2";
			};
			name = Release;
		};
/* End XCBuildConfiguration section */

/* Begin XCConfigurationList section */
		025934C220275B9E000118AC /* Build configuration list for PBXProject "Delegation-In-Swift" */ = {
			isa = XCConfigurationList;
			buildConfigurations = (
				025934D720275B9F000118AC /* Debug */,
				025934D820275B9F000118AC /* Release */,
			);
			defaultConfigurationIsVisible = 0;
			defaultConfigurationName = Release;
		};
		025934D920275B9F000118AC /* Build configuration list for PBXNativeTarget "Delegation-In-Swift" */ = {
			isa = XCConfigurationList;
			buildConfigurations = (
				025934DA20275B9F000118AC /* Debug */,
				025934DB20275B9F000118AC /* Release */,
			);
			defaultConfigurationIsVisible = 0;
			defaultConfigurationName = Release;
		};
/* End XCConfigurationList section */
	};
	rootObject = 025934BF20275B9E000118AC /* Project object */;
}
